
Microsoft Visual Studio Solution File, Format Version 12.00
# Visual Studio Version 16
VisualStudioVersion = 16.0.31515.178
MinimumVisualStudioVersion = 10.0.40219.1
Project("{FAE04EC0-301F-11D3-BF4B-00C04F79EFBC}") = "Drawing", "Drawing\Drawing.csproj", "{DEF11A10-CFB2-4184-80A6-E1889069B0D4}"
EndProject
Global
	GlobalSection(SolutionConfigurationPlatforms) = preSolution
		Debug|Any CPU = Debug|Any CPU
		Release|Any CPU = Release|Any CPU
	EndGlobalSection
	GlobalSection(ProjectConfigurationPlatforms) = postSolution
		{DEF11A10-CFB2-4184-80A6-E1889069B0D4}.Debug|Any CPU.ActiveCfg = Debug|Any CPU
		{DEF11A10-CFB2-4184-80A6-E1889069B0D4}.Debug|Any CPU.Build.0 = Debug|Any CPU
		{DEF11A10-CFB2-4184-80A6-E1889069B0D4}.Release|Any CPU.ActiveCfg = Release|Any CPU
		{DEF11A10-CFB2-4184-80A6-E1889069B0D4}.Release|Any CPU.Build.0 = Release|Any CPU
	EndGlobalSection
	GlobalSection(SolutionProperties) = preSolution
		HideSolutionNode = FALSE
	EndGlobalSection
	GlobalSection(ExtensibilityGlobals) = postSolution
		SolutionGuid = {DEC1F5AC-7BAD-4240-B6FB-E8C331A90A9A}
	EndGlobalSection
EndGlobal
