
Microsoft Visual Studio Solution File, Format Version 12.00
# Visual Studio Version 16
VisualStudioVersion = 16.0.31515.178
MinimumVisualStudioVersion = 10.0.40219.1
Project("{FAE04EC0-301F-11D3-BF4B-00C04F79EFBC}") = "01.basic", "01.basic.csproj", "{BD5BA0CB-046D-462A-9DCA-BA849DCA3F99}"
EndProject
Global
	GlobalSection(SolutionConfigurationPlatforms) = preSolution
		Debug|Any CPU = Debug|Any CPU
		Release|Any CPU = Release|Any CPU
	EndGlobalSection
	GlobalSection(ProjectConfigurationPlatforms) = postSolution
		{BD5BA0CB-046D-462A-9DCA-BA849DCA3F99}.Debug|Any CPU.ActiveCfg = Debug|Any CPU
		{BD5BA0CB-046D-462A-9DCA-BA849DCA3F99}.Debug|Any CPU.Build.0 = Debug|Any CPU
		{BD5BA0CB-046D-462A-9DCA-BA849DCA3F99}.Release|Any CPU.ActiveCfg = Release|Any CPU
		{BD5BA0CB-046D-462A-9DCA-BA849DCA3F99}.Release|Any CPU.Build.0 = Release|Any CPU
	EndGlobalSection
	GlobalSection(SolutionProperties) = preSolution
		HideSolutionNode = FALSE
	EndGlobalSection
	GlobalSection(ExtensibilityGlobals) = postSolution
		SolutionGuid = {1A69EF4B-5A0D-4999-82D8-F00E7923D39B}
	EndGlobalSection
EndGlobal
